// !$*UTF8*$!
{
	archiveVersion = 1;
	classes = {
	};
	objectVersion = 46;
	objects = {

/* Begin PBXBuildFile section */
		1D3623260D0F684500981E51 /* AppDelegate.m in Sources */ = {isa = PBXBuildFile; fileRef = 1D3623250D0F684500981E51 /* AppDelegate.m */; };
		1D60589B0D05DD56006BFB54 /* main.m in Sources */ = {isa = PBXBuildFile; fileRef = 29B97316FDCFA39411CA2CEA /* main.m */; };
		1D60589F0D05DD5A006BFB54 /* Foundation.framework in Frameworks */ = {isa = PBXBuildFile; fileRef = 1D30AB110D05D00D00671497 /* Foundation.framework */; };
		1DF5F4E00D08C38300B7A737 /* UIKit.framework in Frameworks */ = {isa = PBXBuildFile; fileRef = 1DF5F4DF0D08C38300B7A737 /* UIKit.framework */; };
		288765FD0DF74451002DB57D /* CoreGraphics.framework in Frameworks */ = {isa = PBXBuildFile; fileRef = 288765FC0DF74451002DB57D /* CoreGraphics.framework */; };
		4131C2961885EA99009775EA /* TouchSheet.m in Sources */ = {isa = PBXBuildFile; fileRef = 4131C2951885EA99009775EA /* TouchSheet.m */; };
		4131C2981885EB1F009775EA /* GCDAsyncUdpSocket.m in Sources */ = {isa = PBXBuildFile; fileRef = 99F14FB718838AA300872890 /* GCDAsyncUdpSocket.m */; };
		4131C2AA18876C70009775EA /* BoardContainer.m in Sources */ = {isa = PBXBuildFile; fileRef = 4131C2A918876C70009775EA /* BoardContainer.m */; };
		4131C2AD18876C81009775EA /* Rack.m in Sources */ = {isa = PBXBuildFile; fileRef = 4131C2AC18876C81009775EA /* Rack.m */; };
		4131C2B018876C8D009775EA /* PlayingCup.m in Sources */ = {isa = PBXBuildFile; fileRef = 4131C2AF18876C8D009775EA /* PlayingCup.m */; };
		4131C2B318876C9B009775EA /* HexLocation.m in Sources */ = {isa = PBXBuildFile; fileRef = 4131C2B218876C9B009775EA /* HexLocation.m */; };
		4131C2B618876CAE009775EA /* Player.m in Sources */ = {isa = PBXBuildFile; fileRef = 4131C2B518876CAE009775EA /* Player.m */; };
		4131C2BB18876D77009775EA /* GamePiece.m in Sources */ = {isa = PBXBuildFile; fileRef = 4131C2BA18876D77009775EA /* GamePiece.m */; };
		4131C2BE18876D93009775EA /* HexTile.m in Sources */ = {isa = PBXBuildFile; fileRef = 4131C2BD18876D93009775EA /* HexTile.m */; };
		4131C2C118876DB7009775EA /* Counter.m in Sources */ = {isa = PBXBuildFile; fileRef = 4131C2C018876DB7009775EA /* Counter.m */; };
		4131C2C418876DBF009775EA /* Fort.m in Sources */ = {isa = PBXBuildFile; fileRef = 4131C2C318876DBF009775EA /* Fort.m */; };
		4131C2C718876DF3009775EA /* Thing.m in Sources */ = {isa = PBXBuildFile; fileRef = 4131C2C618876DF3009775EA /* Thing.m */; };
		4131C2CF18876EA9009775EA /* ControlMarker.m in Sources */ = {isa = PBXBuildFile; fileRef = 4131C2CE18876EA9009775EA /* ControlMarker.m */; };
		4131C2D218876F04009775EA /* SpecialCharacter.m in Sources */ = {isa = PBXBuildFile; fileRef = 4131C2D118876F04009775EA /* SpecialCharacter.m */; };
		4131C2D618876FB8009775EA /* RandomEvent.m in Sources */ = {isa = PBXBuildFile; fileRef = 4131C2D518876FB8009775EA /* RandomEvent.m */; };
		4131C2D918876FCA009775EA /* SpecialIncomeCounters.m in Sources */ = {isa = PBXBuildFile; fileRef = 4131C2D818876FCA009775EA /* SpecialIncomeCounters.m */; };
		4131C2DD18876FF0009775EA /* Gold.m in Sources */ = {isa = PBXBuildFile; fileRef = 4131C2DC18876FF0009775EA /* Gold.m */; };
		4131C2E018876FF8009775EA /* MagicItems.m in Sources */ = {isa = PBXBuildFile; fileRef = 4131C2DF18876FF8009775EA /* MagicItems.m */; };
		4131C2E318877003009775EA /* Treasure.m in Sources */ = {isa = PBXBuildFile; fileRef = 4131C2E218877003009775EA /* Treasure.m */; };
		4131C2E618877011009775EA /* Creature.m in Sources */ = {isa = PBXBuildFile; fileRef = 4131C2E518877011009775EA /* Creature.m */; };
		4131C2E918877047009775EA /* CityVill.m in Sources */ = {isa = PBXBuildFile; fileRef = 4131C2E818877047009775EA /* CityVill.m */; };
		4131C2EC18877054009775EA /* NonCityVill.m in Sources */ = {isa = PBXBuildFile; fileRef = 4131C2EB18877054009775EA /* NonCityVill.m */; };
		4131C2F0188770A6009775EA /* Terrain.m in Sources */ = {isa = PBXBuildFile; fileRef = 4131C2EF188770A6009775EA /* Terrain.m */; };
		4131C2F3188770B6009775EA /* FortLevel.m in Sources */ = {isa = PBXBuildFile; fileRef = 4131C2F2188770B6009775EA /* FortLevel.m */; };
		4131C2F6188770C1009775EA /* CombatType.m in Sources */ = {isa = PBXBuildFile; fileRef = 4131C2F5188770C1009775EA /* CombatType.m */; };
		4131C2F9188770D1009775EA /* SpecialAbility.m in Sources */ = {isa = PBXBuildFile; fileRef = 4131C2F8188770D1009775EA /* SpecialAbility.m */; };
		4131C2FC188876AC009775EA /* LoginMenu.m in Sources */ = {isa = PBXBuildFile; fileRef = 4131C2FB188876AC009775EA /* LoginMenu.m */; };
		99F14FBB18838ADF00872890 /* UDPMessageReceiver.m in Sources */ = {isa = PBXBuildFile; fileRef = 99F14FBA18838ADF00872890 /* UDPMessageReceiver.m */; };
		DE0C71011624177000357F6E /* Default.png in Resources */ = {isa = PBXBuildFile; fileRef = DE0C71001624177000357F6E /* Default.png */; };
		DE0C71031624177500357F6E /* Default@2x.png in Resources */ = {isa = PBXBuildFile; fileRef = DE0C71021624177500357F6E /* Default@2x.png */; };
		DE0C71051624177800357F6E /* Default-568h@2x.png in Resources */ = {isa = PBXBuildFile; fileRef = DE0C71041624177800357F6E /* Default-568h@2x.png */; };
		DE0C71071624178400357F6E /* Default-Portrait~ipad.png in Resources */ = {isa = PBXBuildFile; fileRef = DE0C71061624178400357F6E /* Default-Portrait~ipad.png */; };
		DE0C71091624179300357F6E /* Default-Landscape~ipad.png in Resources */ = {isa = PBXBuildFile; fileRef = DE0C71081624179300357F6E /* Default-Landscape~ipad.png */; };
		DE0C710B162417A600357F6E /* Icon.png in Resources */ = {isa = PBXBuildFile; fileRef = DE0C710A162417A600357F6E /* Icon.png */; };
		DE0C710D162417AC00357F6E /* Icon~ipad.png in Resources */ = {isa = PBXBuildFile; fileRef = DE0C710C162417AC00357F6E /* Icon~ipad.png */; };
		DE0C710F162417B400357F6E /* Icon@2x.png in Resources */ = {isa = PBXBuildFile; fileRef = DE0C710E162417B400357F6E /* Icon@2x.png */; };
		DE115963162320F800A25086 /* background@2x.jpg in Resources */ = {isa = PBXBuildFile; fileRef = DE115962162320F800A25086 /* background@2x.jpg */; };
		DE1807891888699200B03892 /* ScaledGamePiece.m in Sources */ = {isa = PBXBuildFile; fileRef = DE1807881888699200B03892 /* ScaledGamePiece.m */; };
		DE3F093811B7B9DC009D4DB0 /* AVFoundation.framework in Frameworks */ = {isa = PBXBuildFile; fileRef = DE3F093711B7B9DC009D4DB0 /* AVFoundation.framework */; };
		DE3F093A11B7B9DC009D4DB0 /* AudioToolbox.framework in Frameworks */ = {isa = PBXBuildFile; fileRef = DE3F093911B7B9DC009D4DB0 /* AudioToolbox.framework */; };
		DE3F097811B7BABD009D4DB0 /* OpenAL.framework in Frameworks */ = {isa = PBXBuildFile; fileRef = DE3F097711B7BABD009D4DB0 /* OpenAL.framework */; };
		DE4A3D7A10FFB08200FDA492 /* OpenGLES.framework in Frameworks */ = {isa = PBXBuildFile; fileRef = DE4A3D7910FFB08200FDA492 /* OpenGLES.framework */; };
		DE4A3D7F10FFB08B00FDA492 /* QuartzCore.framework in Frameworks */ = {isa = PBXBuildFile; fileRef = DE4A3D7E10FFB08B00FDA492 /* QuartzCore.framework */; };
		DE4A3DB910FFB0FE00FDA492 /* libSparrow.a in Frameworks */ = {isa = PBXBuildFile; fileRef = DE4A3DB010FFB0DB00FDA492 /* libSparrow.a */; settings = {ATTRIBUTES = (Required, ); }; };
		DE4A3DE510FFB2AF00FDA492 /* GameMenu.m in Sources */ = {isa = PBXBuildFile; fileRef = DE4A3DE410FFB2AF00FDA492 /* GameMenu.m */; };
		DE4F80D614E153E600655D44 /* Media.m in Sources */ = {isa = PBXBuildFile; fileRef = DE4F80D514E153E600655D44 /* Media.m */; };
		DE4F80E814E1541400655D44 /* sound.caf in Resources */ = {isa = PBXBuildFile; fileRef = DE4F80DB14E1541400655D44 /* sound.caf */; };
		DE4F80ED14E1541400655D44 /* atlas@2x.png in Resources */ = {isa = PBXBuildFile; fileRef = DE4F80E314E1541400655D44 /* atlas@2x.png */; };
		DE4F80EE14E1541400655D44 /* atlas@2x.xml in Resources */ = {isa = PBXBuildFile; fileRef = DE4F80E414E1541400655D44 /* atlas@2x.xml */; };
		DE5C4E6E138ED109004892CA /* libz.dylib in Frameworks */ = {isa = PBXBuildFile; fileRef = DE5C4E6D138ED109004892CA /* libz.dylib */; };
		DE945393188501AC00C4A71F /* dice1.png in Resources */ = {isa = PBXBuildFile; fileRef = DE94538D188501AC00C4A71F /* dice1.png */; };
		DE945394188501AC00C4A71F /* dice2.png in Resources */ = {isa = PBXBuildFile; fileRef = DE94538E188501AC00C4A71F /* dice2.png */; };
		DE945395188501AC00C4A71F /* dice3.png in Resources */ = {isa = PBXBuildFile; fileRef = DE94538F188501AC00C4A71F /* dice3.png */; };
		DE945396188501AC00C4A71F /* dice4.png in Resources */ = {isa = PBXBuildFile; fileRef = DE945390188501AC00C4A71F /* dice4.png */; };
		DE945397188501AC00C4A71F /* dice5.png in Resources */ = {isa = PBXBuildFile; fileRef = DE945391188501AC00C4A71F /* dice5.png */; };
		DE945398188501AC00C4A71F /* dice6.png in Resources */ = {isa = PBXBuildFile; fileRef = DE945392188501AC00C4A71F /* dice6.png */; };
		DE94539C1885074A00C4A71F /* back-tile.png in Resources */ = {isa = PBXBuildFile; fileRef = DE94539B1885074A00C4A71F /* back-tile.png */; };
		DE94539E1885122900C4A71F /* Button-Normal@2x.png in Resources */ = {isa = PBXBuildFile; fileRef = DE94539D1885122900C4A71F /* Button-Normal@2x.png */; };
		DE9453B81885CE5B00C4A71F /* TileMenu.m in Sources */ = {isa = PBXBuildFile; fileRef = DE9453B71885CE5B00C4A71F /* TileMenu.m */; };
		DE991F8118846CFD006C759F /* Scene.m in Sources */ = {isa = PBXBuildFile; fileRef = DE991F7D18846CFD006C759F /* Scene.m */; };
		DE991F8218846CFD006C759F /* TwoThreePlayerGame.m in Sources */ = {isa = PBXBuildFile; fileRef = DE991F7F18846CFD006C759F /* TwoThreePlayerGame.m */; };
		DE991FF71884825B006C759F /* Bowl.png in Resources */ = {isa = PBXBuildFile; fileRef = DE991FE81884825B006C759F /* Bowl.png */; };
		DE991FF81884825B006C759F /* creature5.png in Resources */ = {isa = PBXBuildFile; fileRef = DE991FE91884825B006C759F /* creature5.png */; };
		DE991FFB1884825B006C759F /* desert-tile.png in Resources */ = {isa = PBXBuildFile; fileRef = DE991FED1884825B006C759F /* desert-tile.png */; };
		DE991FFC1884825B006C759F /* forest-tile.png in Resources */ = {isa = PBXBuildFile; fileRef = DE991FEE1884825B006C759F /* forest-tile.png */; };
		DE991FFD1884825B006C759F /* frozen-tile.png in Resources */ = {isa = PBXBuildFile; fileRef = DE991FEF1884825B006C759F /* frozen-tile.png */; };
		DE991FFE1884825B006C759F /* jungle-tile.png in Resources */ = {isa = PBXBuildFile; fileRef = DE991FF01884825B006C759F /* jungle-tile.png */; };
		DE991FFF1884825B006C759F /* moutain-tile.png in Resources */ = {isa = PBXBuildFile; fileRef = DE991FF11884825B006C759F /* moutain-tile.png */; };
		DE9920001884825B006C759F /* plaines-tile.png in Resources */ = {isa = PBXBuildFile; fileRef = DE991FF21884825B006C759F /* plaines-tile.png */; };
		DE9920011884825B006C759F /* sea-tile.png in Resources */ = {isa = PBXBuildFile; fileRef = DE991FF31884825B006C759F /* sea-tile.png */; };
		DE9920021884825B006C759F /* swamp-tile.png in Resources */ = {isa = PBXBuildFile; fileRef = DE991FF41884825B006C759F /* swamp-tile.png */; };
		DE9920031884825B006C759F /* masterGameBoard.png in Resources */ = {isa = PBXBuildFile; fileRef = DE991FF51884825B006C759F /* masterGameBoard.png */; };
		DE9920041884825B006C759F /* TwoThreeBoard.png in Resources */ = {isa = PBXBuildFile; fileRef = DE991FF61884825B006C759F /* TwoThreeBoard.png */; };
		DE99200C188487FD006C759F /* mainMenuBackground.png in Resources */ = {isa = PBXBuildFile; fileRef = DE99200B188487FD006C759F /* mainMenuBackground.png */; };
		DE99200F18848836006C759F /* Rack.png in Resources */ = {isa = PBXBuildFile; fileRef = DE99200E18848836006C759F /* Rack.png */; };
		DEAAF3DF16BC114D004EB9D5 /* GLKit.framework in Frameworks */ = {isa = PBXBuildFile; fileRef = DEAAF3DE16BC114D004EB9D5 /* GLKit.framework */; };
		DEAD9A831885EF7B00196017 /* T_Swamp_065.png in Resources */ = {isa = PBXBuildFile; fileRef = DEAD9A7E1885EF7B00196017 /* T_Swamp_065.png */; };
		DEAD9A841885EF7B00196017 /* T_Swamp_066.png in Resources */ = {isa = PBXBuildFile; fileRef = DEAD9A7F1885EF7B00196017 /* T_Swamp_066.png */; };
		DEAD9A851885EF7B00196017 /* T_Swamp_067.png in Resources */ = {isa = PBXBuildFile; fileRef = DEAD9A801885EF7B00196017 /* T_Swamp_067.png */; };
		DEAD9A861885EF7B00196017 /* T_Swamp_068.png in Resources */ = {isa = PBXBuildFile; fileRef = DEAD9A811885EF7B00196017 /* T_Swamp_068.png */; };
		DEAD9A871885EF7B00196017 /* T_Swamp_069.png in Resources */ = {isa = PBXBuildFile; fileRef = DEAD9A821885EF7B00196017 /* T_Swamp_069.png */; };
		DEAD9A891885F89500196017 /* SwampTileMenu.png in Resources */ = {isa = PBXBuildFile; fileRef = DEAD9A881885F89500196017 /* SwampTileMenu.png */; };
/* End PBXBuildFile section */

/* Begin PBXContainerItemProxy section */
		DE4A3DAF10FFB0DB00FDA492 /* PBXContainerItemProxy */ = {
			isa = PBXContainerItemProxy;
			containerPortal = DE4A3DA210FFB0D400FDA492 /* Sparrow.xcodeproj */;
			proxyType = 2;
			remoteGlobalIDString = DEFE4BC2101B317600E22471;
			remoteInfo = Sparrow;
		};
		DE4A3DB110FFB0DB00FDA492 /* PBXContainerItemProxy */ = {
			isa = PBXContainerItemProxy;
			containerPortal = DE4A3DA210FFB0D400FDA492 /* Sparrow.xcodeproj */;
			proxyType = 2;
			remoteGlobalIDString = DEEA9335101E32A30071DD21;
			remoteInfo = UnitTests;
		};
		DE4A3DB710FFB0F500FDA492 /* PBXContainerItemProxy */ = {
			isa = PBXContainerItemProxy;
			containerPortal = DE4A3DA210FFB0D400FDA492 /* Sparrow.xcodeproj */;
			proxyType = 1;
			remoteGlobalIDString = DEFE4BC1101B317600E22471;
			remoteInfo = Sparrow;
		};
/* End PBXContainerItemProxy section */

/* Begin PBXFileReference section */
		1D30AB110D05D00D00671497 /* Foundation.framework */ = {isa = PBXFileReference; lastKnownFileType = wrapper.framework; name = Foundation.framework; path = System/Library/Frameworks/Foundation.framework; sourceTree = SDKROOT; };
		1D3623240D0F684500981E51 /* AppDelegate.h */ = {isa = PBXFileReference; fileEncoding = 4; lastKnownFileType = sourcecode.c.h; path = AppDelegate.h; sourceTree = "<group>"; };
		1D3623250D0F684500981E51 /* AppDelegate.m */ = {isa = PBXFileReference; fileEncoding = 4; lastKnownFileType = sourcecode.c.objc; path = AppDelegate.m; sourceTree = "<group>"; };
		1D6058910D05DD3D006BFB54 /* 3004iPhone.app */ = {isa = PBXFileReference; explicitFileType = wrapper.application; includeInIndex = 0; path = 3004iPhone.app; sourceTree = BUILT_PRODUCTS_DIR; };
		1DF5F4DF0D08C38300B7A737 /* UIKit.framework */ = {isa = PBXFileReference; lastKnownFileType = wrapper.framework; name = UIKit.framework; path = System/Library/Frameworks/UIKit.framework; sourceTree = SDKROOT; };
		288765FC0DF74451002DB57D /* CoreGraphics.framework */ = {isa = PBXFileReference; lastKnownFileType = wrapper.framework; name = CoreGraphics.framework; path = System/Library/Frameworks/CoreGraphics.framework; sourceTree = SDKROOT; };
		29B97316FDCFA39411CA2CEA /* main.m */ = {isa = PBXFileReference; fileEncoding = 4; lastKnownFileType = sourcecode.c.objc; path = main.m; sourceTree = "<group>"; };
		32CA4F630368D1EE00C91783 /* App-Prefix.pch */ = {isa = PBXFileReference; fileEncoding = 4; lastKnownFileType = sourcecode.c.h; path = "App-Prefix.pch"; sourceTree = "<group>"; };
		4131C2941885EA99009775EA /* TouchSheet.h */ = {isa = PBXFileReference; fileEncoding = 4; lastKnownFileType = sourcecode.c.h; path = TouchSheet.h; sourceTree = "<group>"; };
		4131C2951885EA99009775EA /* TouchSheet.m */ = {isa = PBXFileReference; fileEncoding = 4; lastKnownFileType = sourcecode.c.objc; path = TouchSheet.m; sourceTree = "<group>"; };
		4131C2A818876C70009775EA /* BoardContainer.h */ = {isa = PBXFileReference; fileEncoding = 4; lastKnownFileType = sourcecode.c.h; path = BoardContainer.h; sourceTree = "<group>"; };
		4131C2A918876C70009775EA /* BoardContainer.m */ = {isa = PBXFileReference; fileEncoding = 4; lastKnownFileType = sourcecode.c.objc; path = BoardContainer.m; sourceTree = "<group>"; };
		4131C2AB18876C81009775EA /* Rack.h */ = {isa = PBXFileReference; fileEncoding = 4; lastKnownFileType = sourcecode.c.h; path = Rack.h; sourceTree = "<group>"; };
		4131C2AC18876C81009775EA /* Rack.m */ = {isa = PBXFileReference; fileEncoding = 4; lastKnownFileType = sourcecode.c.objc; path = Rack.m; sourceTree = "<group>"; };
		4131C2AE18876C8D009775EA /* PlayingCup.h */ = {isa = PBXFileReference; fileEncoding = 4; lastKnownFileType = sourcecode.c.h; path = PlayingCup.h; sourceTree = "<group>"; };
		4131C2AF18876C8D009775EA /* PlayingCup.m */ = {isa = PBXFileReference; fileEncoding = 4; lastKnownFileType = sourcecode.c.objc; path = PlayingCup.m; sourceTree = "<group>"; };
		4131C2B118876C9B009775EA /* HexLocation.h */ = {isa = PBXFileReference; fileEncoding = 4; lastKnownFileType = sourcecode.c.h; path = HexLocation.h; sourceTree = "<group>"; };
		4131C2B218876C9B009775EA /* HexLocation.m */ = {isa = PBXFileReference; fileEncoding = 4; lastKnownFileType = sourcecode.c.objc; path = HexLocation.m; sourceTree = "<group>"; };
		4131C2B418876CAE009775EA /* Player.h */ = {isa = PBXFileReference; fileEncoding = 4; lastKnownFileType = sourcecode.c.h; path = Player.h; sourceTree = "<group>"; };
		4131C2B518876CAE009775EA /* Player.m */ = {isa = PBXFileReference; fileEncoding = 4; lastKnownFileType = sourcecode.c.objc; path = Player.m; sourceTree = "<group>"; };
		4131C2B918876D77009775EA /* GamePiece.h */ = {isa = PBXFileReference; fileEncoding = 4; lastKnownFileType = sourcecode.c.h; path = GamePiece.h; sourceTree = "<group>"; };
		4131C2BA18876D77009775EA /* GamePiece.m */ = {isa = PBXFileReference; fileEncoding = 4; lastKnownFileType = sourcecode.c.objc; path = GamePiece.m; sourceTree = "<group>"; };
		4131C2BC18876D93009775EA /* HexTile.h */ = {isa = PBXFileReference; fileEncoding = 4; lastKnownFileType = sourcecode.c.h; path = HexTile.h; sourceTree = "<group>"; };
		4131C2BD18876D93009775EA /* HexTile.m */ = {isa = PBXFileReference; fileEncoding = 4; lastKnownFileType = sourcecode.c.objc; path = HexTile.m; sourceTree = "<group>"; };
		4131C2BF18876DB7009775EA /* Counter.h */ = {isa = PBXFileReference; fileEncoding = 4; lastKnownFileType = sourcecode.c.h; path = Counter.h; sourceTree = "<group>"; };
		4131C2C018876DB7009775EA /* Counter.m */ = {isa = PBXFileReference; fileEncoding = 4; lastKnownFileType = sourcecode.c.objc; path = Counter.m; sourceTree = "<group>"; };
		4131C2C218876DBF009775EA /* Fort.h */ = {isa = PBXFileReference; fileEncoding = 4; lastKnownFileType = sourcecode.c.h; path = Fort.h; sourceTree = "<group>"; };
		4131C2C318876DBF009775EA /* Fort.m */ = {isa = PBXFileReference; fileEncoding = 4; lastKnownFileType = sourcecode.c.objc; path = Fort.m; sourceTree = "<group>"; };
		4131C2C518876DF3009775EA /* Thing.h */ = {isa = PBXFileReference; fileEncoding = 4; lastKnownFileType = sourcecode.c.h; path = Thing.h; sourceTree = "<group>"; };
		4131C2C618876DF3009775EA /* Thing.m */ = {isa = PBXFileReference; fileEncoding = 4; lastKnownFileType = sourcecode.c.objc; path = Thing.m; sourceTree = "<group>"; };
		4131C2CD18876EA9009775EA /* ControlMarker.h */ = {isa = PBXFileReference; fileEncoding = 4; lastKnownFileType = sourcecode.c.h; path = ControlMarker.h; sourceTree = "<group>"; };
		4131C2CE18876EA9009775EA /* ControlMarker.m */ = {isa = PBXFileReference; fileEncoding = 4; lastKnownFileType = sourcecode.c.objc; path = ControlMarker.m; sourceTree = "<group>"; };
		4131C2D018876F04009775EA /* SpecialCharacter.h */ = {isa = PBXFileReference; fileEncoding = 4; lastKnownFileType = sourcecode.c.h; path = SpecialCharacter.h; sourceTree = "<group>"; };
		4131C2D118876F04009775EA /* SpecialCharacter.m */ = {isa = PBXFileReference; fileEncoding = 4; lastKnownFileType = sourcecode.c.objc; path = SpecialCharacter.m; sourceTree = "<group>"; };
		4131C2D418876FB8009775EA /* RandomEvent.h */ = {isa = PBXFileReference; fileEncoding = 4; lastKnownFileType = sourcecode.c.h; path = RandomEvent.h; sourceTree = "<group>"; };
		4131C2D518876FB8009775EA /* RandomEvent.m */ = {isa = PBXFileReference; fileEncoding = 4; lastKnownFileType = sourcecode.c.objc; path = RandomEvent.m; sourceTree = "<group>"; };
		4131C2D718876FCA009775EA /* SpecialIncomeCounters.h */ = {isa = PBXFileReference; fileEncoding = 4; lastKnownFileType = sourcecode.c.h; path = SpecialIncomeCounters.h; sourceTree = "<group>"; };
		4131C2D818876FCA009775EA /* SpecialIncomeCounters.m */ = {isa = PBXFileReference; fileEncoding = 4; lastKnownFileType = sourcecode.c.objc; path = SpecialIncomeCounters.m; sourceTree = "<group>"; };
		4131C2DB18876FF0009775EA /* Gold.h */ = {isa = PBXFileReference; fileEncoding = 4; lastKnownFileType = sourcecode.c.h; path = Gold.h; sourceTree = "<group>"; };
		4131C2DC18876FF0009775EA /* Gold.m */ = {isa = PBXFileReference; fileEncoding = 4; lastKnownFileType = sourcecode.c.objc; path = Gold.m; sourceTree = "<group>"; };
		4131C2DE18876FF8009775EA /* MagicItems.h */ = {isa = PBXFileReference; fileEncoding = 4; lastKnownFileType = sourcecode.c.h; path = MagicItems.h; sourceTree = "<group>"; };
		4131C2DF18876FF8009775EA /* MagicItems.m */ = {isa = PBXFileReference; fileEncoding = 4; lastKnownFileType = sourcecode.c.objc; path = MagicItems.m; sourceTree = "<group>"; };
		4131C2E118877003009775EA /* Treasure.h */ = {isa = PBXFileReference; fileEncoding = 4; lastKnownFileType = sourcecode.c.h; path = Treasure.h; sourceTree = "<group>"; };
		4131C2E218877003009775EA /* Treasure.m */ = {isa = PBXFileReference; fileEncoding = 4; lastKnownFileType = sourcecode.c.objc; path = Treasure.m; sourceTree = "<group>"; };
		4131C2E418877011009775EA /* Creature.h */ = {isa = PBXFileReference; fileEncoding = 4; lastKnownFileType = sourcecode.c.h; path = Creature.h; sourceTree = "<group>"; };
		4131C2E518877011009775EA /* Creature.m */ = {isa = PBXFileReference; fileEncoding = 4; lastKnownFileType = sourcecode.c.objc; path = Creature.m; sourceTree = "<group>"; };
		4131C2E718877047009775EA /* CityVill.h */ = {isa = PBXFileReference; fileEncoding = 4; lastKnownFileType = sourcecode.c.h; path = CityVill.h; sourceTree = "<group>"; };
		4131C2E818877047009775EA /* CityVill.m */ = {isa = PBXFileReference; fileEncoding = 4; lastKnownFileType = sourcecode.c.objc; path = CityVill.m; sourceTree = "<group>"; };
		4131C2EA18877054009775EA /* NonCityVill.h */ = {isa = PBXFileReference; fileEncoding = 4; lastKnownFileType = sourcecode.c.h; path = NonCityVill.h; sourceTree = "<group>"; };
		4131C2EB18877054009775EA /* NonCityVill.m */ = {isa = PBXFileReference; fileEncoding = 4; lastKnownFileType = sourcecode.c.objc; path = NonCityVill.m; sourceTree = "<group>"; };
		4131C2EE188770A6009775EA /* Terrain.h */ = {isa = PBXFileReference; fileEncoding = 4; lastKnownFileType = sourcecode.c.h; path = Terrain.h; sourceTree = "<group>"; };
		4131C2EF188770A6009775EA /* Terrain.m */ = {isa = PBXFileReference; fileEncoding = 4; lastKnownFileType = sourcecode.c.objc; path = Terrain.m; sourceTree = "<group>"; };
		4131C2F1188770B6009775EA /* FortLevel.h */ = {isa = PBXFileReference; fileEncoding = 4; lastKnownFileType = sourcecode.c.h; path = FortLevel.h; sourceTree = "<group>"; };
		4131C2F2188770B6009775EA /* FortLevel.m */ = {isa = PBXFileReference; fileEncoding = 4; lastKnownFileType = sourcecode.c.objc; path = FortLevel.m; sourceTree = "<group>"; };
		4131C2F4188770C1009775EA /* CombatType.h */ = {isa = PBXFileReference; fileEncoding = 4; lastKnownFileType = sourcecode.c.h; path = CombatType.h; sourceTree = "<group>"; };
		4131C2F5188770C1009775EA /* CombatType.m */ = {isa = PBXFileReference; fileEncoding = 4; lastKnownFileType = sourcecode.c.objc; path = CombatType.m; sourceTree = "<group>"; };
		4131C2F7188770D1009775EA /* SpecialAbility.h */ = {isa = PBXFileReference; fileEncoding = 4; lastKnownFileType = sourcecode.c.h; path = SpecialAbility.h; sourceTree = "<group>"; };
		4131C2F8188770D1009775EA /* SpecialAbility.m */ = {isa = PBXFileReference; fileEncoding = 4; lastKnownFileType = sourcecode.c.objc; path = SpecialAbility.m; sourceTree = "<group>"; };
		4131C2FA188876AC009775EA /* LoginMenu.h */ = {isa = PBXFileReference; fileEncoding = 4; lastKnownFileType = sourcecode.c.h; path = LoginMenu.h; sourceTree = "<group>"; };
		4131C2FB188876AC009775EA /* LoginMenu.m */ = {isa = PBXFileReference; fileEncoding = 4; lastKnownFileType = sourcecode.c.objc; path = LoginMenu.m; sourceTree = "<group>"; };
		8D1107310486CEB800E47090 /* App-Info.plist */ = {isa = PBXFileReference; fileEncoding = 4; lastKnownFileType = text.plist.xml; path = "App-Info.plist"; plistStructureDefinitionIdentifier = "com.apple.xcode.plist.structure-definition.iphone.info-plist"; sourceTree = "<group>"; };
		99F14FB618838AA300872890 /* GCDAsyncUdpSocket.h */ = {isa = PBXFileReference; fileEncoding = 4; lastKnownFileType = sourcecode.c.h; path = GCDAsyncUdpSocket.h; sourceTree = "<group>"; };
		99F14FB718838AA300872890 /* GCDAsyncUdpSocket.m */ = {isa = PBXFileReference; fileEncoding = 4; lastKnownFileType = sourcecode.c.objc; path = GCDAsyncUdpSocket.m; sourceTree = "<group>"; };
		99F14FB918838ADF00872890 /* UDPMessageReceiver.h */ = {isa = PBXFileReference; fileEncoding = 4; lastKnownFileType = sourcecode.c.h; path = UDPMessageReceiver.h; sourceTree = "<group>"; };
		99F14FBA18838ADF00872890 /* UDPMessageReceiver.m */ = {isa = PBXFileReference; fileEncoding = 4; lastKnownFileType = sourcecode.c.objc; path = UDPMessageReceiver.m; sourceTree = "<group>"; };
		DE0C71001624177000357F6E /* Default.png */ = {isa = PBXFileReference; lastKnownFileType = image.png; path = Default.png; sourceTree = "<group>"; };
		DE0C71021624177500357F6E /* Default@2x.png */ = {isa = PBXFileReference; lastKnownFileType = image.png; path = "Default@2x.png"; sourceTree = "<group>"; };
		DE0C71041624177800357F6E /* Default-568h@2x.png */ = {isa = PBXFileReference; lastKnownFileType = image.png; path = "Default-568h@2x.png"; sourceTree = "<group>"; };
		DE0C71061624178400357F6E /* Default-Portrait~ipad.png */ = {isa = PBXFileReference; lastKnownFileType = image.png; path = "Default-Portrait~ipad.png"; sourceTree = "<group>"; };
		DE0C71081624179300357F6E /* Default-Landscape~ipad.png */ = {isa = PBXFileReference; lastKnownFileType = image.png; path = "Default-Landscape~ipad.png"; sourceTree = "<group>"; };
		DE0C710A162417A600357F6E /* Icon.png */ = {isa = PBXFileReference; lastKnownFileType = image.png; path = Icon.png; sourceTree = "<group>"; };
		DE0C710C162417AC00357F6E /* Icon~ipad.png */ = {isa = PBXFileReference; lastKnownFileType = image.png; path = "Icon~ipad.png"; sourceTree = "<group>"; };
		DE0C710E162417B400357F6E /* Icon@2x.png */ = {isa = PBXFileReference; lastKnownFileType = image.png; path = "Icon@2x.png"; sourceTree = "<group>"; };
		DE0C7110162417B800357F6E /* Icon@2x~ipad.png */ = {isa = PBXFileReference; lastKnownFileType = image.png; path = "Icon@2x~ipad.png"; sourceTree = "<group>"; };
		DE115962162320F800A25086 /* background@2x.jpg */ = {isa = PBXFileReference; lastKnownFileType = image.jpeg; path = "background@2x.jpg"; sourceTree = "<group>"; };
		DE1807871888699100B03892 /* ScaledGamePiece.h */ = {isa = PBXFileReference; fileEncoding = 4; lastKnownFileType = sourcecode.c.h; path = ScaledGamePiece.h; sourceTree = "<group>"; };
		DE1807881888699200B03892 /* ScaledGamePiece.m */ = {isa = PBXFileReference; fileEncoding = 4; lastKnownFileType = sourcecode.c.objc; path = ScaledGamePiece.m; sourceTree = "<group>"; };
		DE3F093711B7B9DC009D4DB0 /* AVFoundation.framework */ = {isa = PBXFileReference; lastKnownFileType = wrapper.framework; name = AVFoundation.framework; path = System/Library/Frameworks/AVFoundation.framework; sourceTree = SDKROOT; };
		DE3F093911B7B9DC009D4DB0 /* AudioToolbox.framework */ = {isa = PBXFileReference; lastKnownFileType = wrapper.framework; name = AudioToolbox.framework; path = System/Library/Frameworks/AudioToolbox.framework; sourceTree = SDKROOT; };
		DE3F097711B7BABD009D4DB0 /* OpenAL.framework */ = {isa = PBXFileReference; lastKnownFileType = wrapper.framework; name = OpenAL.framework; path = System/Library/Frameworks/OpenAL.framework; sourceTree = SDKROOT; };
		DE4A3D7910FFB08200FDA492 /* OpenGLES.framework */ = {isa = PBXFileReference; lastKnownFileType = wrapper.framework; name = OpenGLES.framework; path = System/Library/Frameworks/OpenGLES.framework; sourceTree = SDKROOT; };
		DE4A3D7E10FFB08B00FDA492 /* QuartzCore.framework */ = {isa = PBXFileReference; lastKnownFileType = wrapper.framework; name = QuartzCore.framework; path = System/Library/Frameworks/QuartzCore.framework; sourceTree = SDKROOT; };
		DE4A3DA210FFB0D400FDA492 /* Sparrow.xcodeproj */ = {isa = PBXFileReference; lastKnownFileType = "wrapper.pb-project"; path = Sparrow.xcodeproj; sourceTree = SPARROW_SRC; };
		DE4A3DE310FFB2AF00FDA492 /* GameMenu.h */ = {isa = PBXFileReference; fileEncoding = 4; lastKnownFileType = sourcecode.c.h; path = GameMenu.h; sourceTree = "<group>"; };
		DE4A3DE410FFB2AF00FDA492 /* GameMenu.m */ = {isa = PBXFileReference; fileEncoding = 4; lastKnownFileType = sourcecode.c.objc; path = GameMenu.m; sourceTree = "<group>"; };
		DE4F80D414E153E600655D44 /* Media.h */ = {isa = PBXFileReference; fileEncoding = 4; lastKnownFileType = sourcecode.c.h; path = Media.h; sourceTree = "<group>"; };
		DE4F80D514E153E600655D44 /* Media.m */ = {isa = PBXFileReference; fileEncoding = 4; lastKnownFileType = sourcecode.c.objc; path = Media.m; sourceTree = "<group>"; };
		DE4F80DB14E1541400655D44 /* sound.caf */ = {isa = PBXFileReference; lastKnownFileType = file; path = sound.caf; sourceTree = "<group>"; };
		DE4F80E314E1541400655D44 /* atlas@2x.png */ = {isa = PBXFileReference; lastKnownFileType = image.png; path = "atlas@2x.png"; sourceTree = "<group>"; };
		DE4F80E414E1541400655D44 /* atlas@2x.xml */ = {isa = PBXFileReference; fileEncoding = 4; lastKnownFileType = text.xml; path = "atlas@2x.xml"; sourceTree = "<group>"; };
		DE5C4E6D138ED109004892CA /* libz.dylib */ = {isa = PBXFileReference; lastKnownFileType = "compiled.mach-o.dylib"; name = libz.dylib; path = usr/lib/libz.dylib; sourceTree = SDKROOT; };
		DE94538D188501AC00C4A71F /* dice1.png */ = {isa = PBXFileReference; lastKnownFileType = image.png; path = dice1.png; sourceTree = "<group>"; };
		DE94538E188501AC00C4A71F /* dice2.png */ = {isa = PBXFileReference; lastKnownFileType = image.png; path = dice2.png; sourceTree = "<group>"; };
		DE94538F188501AC00C4A71F /* dice3.png */ = {isa = PBXFileReference; lastKnownFileType = image.png; path = dice3.png; sourceTree = "<group>"; };
		DE945390188501AC00C4A71F /* dice4.png */ = {isa = PBXFileReference; lastKnownFileType = image.png; path = dice4.png; sourceTree = "<group>"; };
		DE945391188501AC00C4A71F /* dice5.png */ = {isa = PBXFileReference; lastKnownFileType = image.png; path = dice5.png; sourceTree = "<group>"; };
		DE945392188501AC00C4A71F /* dice6.png */ = {isa = PBXFileReference; lastKnownFileType = image.png; path = dice6.png; sourceTree = "<group>"; };
		DE94539B1885074A00C4A71F /* back-tile.png */ = {isa = PBXFileReference; lastKnownFileType = image.png; path = "back-tile.png"; sourceTree = "<group>"; };
		DE94539D1885122900C4A71F /* Button-Normal@2x.png */ = {isa = PBXFileReference; lastKnownFileType = image.png; path = "Button-Normal@2x.png"; sourceTree = "<group>"; };
		DE9453B61885CE5B00C4A71F /* TileMenu.h */ = {isa = PBXFileReference; fileEncoding = 4; lastKnownFileType = sourcecode.c.h; path = TileMenu.h; sourceTree = "<group>"; };
		DE9453B71885CE5B00C4A71F /* TileMenu.m */ = {isa = PBXFileReference; fileEncoding = 4; lastKnownFileType = sourcecode.c.objc; path = TileMenu.m; sourceTree = "<group>"; };
		DE991F7C18846CFD006C759F /* Scene.h */ = {isa = PBXFileReference; fileEncoding = 4; lastKnownFileType = sourcecode.c.h; path = Scene.h; sourceTree = "<group>"; };
		DE991F7D18846CFD006C759F /* Scene.m */ = {isa = PBXFileReference; fileEncoding = 4; lastKnownFileType = sourcecode.c.objc; path = Scene.m; sourceTree = "<group>"; };
		DE991F7E18846CFD006C759F /* TwoThreePlayerGame.h */ = {isa = PBXFileReference; fileEncoding = 4; lastKnownFileType = sourcecode.c.h; path = TwoThreePlayerGame.h; sourceTree = "<group>"; };
		DE991F7F18846CFD006C759F /* TwoThreePlayerGame.m */ = {isa = PBXFileReference; fileEncoding = 4; lastKnownFileType = sourcecode.c.objc; path = TwoThreePlayerGame.m; sourceTree = "<group>"; };
		DE991FE81884825B006C759F /* Bowl.png */ = {isa = PBXFileReference; lastKnownFileType = image.png; path = Bowl.png; sourceTree = "<group>"; };
		DE991FE91884825B006C759F /* creature5.png */ = {isa = PBXFileReference; lastKnownFileType = image.png; path = creature5.png; sourceTree = "<group>"; };
		DE991FED1884825B006C759F /* desert-tile.png */ = {isa = PBXFileReference; lastKnownFileType = image.png; path = "desert-tile.png"; sourceTree = "<group>"; };
		DE991FEE1884825B006C759F /* forest-tile.png */ = {isa = PBXFileReference; lastKnownFileType = image.png; path = "forest-tile.png"; sourceTree = "<group>"; };
		DE991FEF1884825B006C759F /* frozen-tile.png */ = {isa = PBXFileReference; lastKnownFileType = image.png; path = "frozen-tile.png"; sourceTree = "<group>"; };
		DE991FF01884825B006C759F /* jungle-tile.png */ = {isa = PBXFileReference; lastKnownFileType = image.png; path = "jungle-tile.png"; sourceTree = "<group>"; };
		DE991FF11884825B006C759F /* moutain-tile.png */ = {isa = PBXFileReference; lastKnownFileType = image.png; path = "moutain-tile.png"; sourceTree = "<group>"; };
		DE991FF21884825B006C759F /* plaines-tile.png */ = {isa = PBXFileReference; lastKnownFileType = image.png; path = "plaines-tile.png"; sourceTree = "<group>"; };
		DE991FF31884825B006C759F /* sea-tile.png */ = {isa = PBXFileReference; lastKnownFileType = image.png; path = "sea-tile.png"; sourceTree = "<group>"; };
		DE991FF41884825B006C759F /* swamp-tile.png */ = {isa = PBXFileReference; lastKnownFileType = image.png; path = "swamp-tile.png"; sourceTree = "<group>"; };
		DE991FF51884825B006C759F /* masterGameBoard.png */ = {isa = PBXFileReference; lastKnownFileType = image.png; path = masterGameBoard.png; sourceTree = "<group>"; };
		DE991FF61884825B006C759F /* TwoThreeBoard.png */ = {isa = PBXFileReference; lastKnownFileType = image.png; path = TwoThreeBoard.png; sourceTree = "<group>"; };
		DE99200B188487FD006C759F /* mainMenuBackground.png */ = {isa = PBXFileReference; lastKnownFileType = image.png; path = mainMenuBackground.png; sourceTree = "<group>"; };
		DE99200E18848836006C759F /* Rack.png */ = {isa = PBXFileReference; lastKnownFileType = image.png; path = Rack.png; sourceTree = "<group>"; };
		DEAAF3DE16BC114D004EB9D5 /* GLKit.framework */ = {isa = PBXFileReference; lastKnownFileType = wrapper.framework; name = GLKit.framework; path = System/Library/Frameworks/GLKit.framework; sourceTree = SDKROOT; };
		DEAD9A7E1885EF7B00196017 /* T_Swamp_065.png */ = {isa = PBXFileReference; lastKnownFileType = image.png; path = T_Swamp_065.png; sourceTree = "<group>"; };
		DEAD9A7F1885EF7B00196017 /* T_Swamp_066.png */ = {isa = PBXFileReference; lastKnownFileType = image.png; path = T_Swamp_066.png; sourceTree = "<group>"; };
		DEAD9A801885EF7B00196017 /* T_Swamp_067.png */ = {isa = PBXFileReference; lastKnownFileType = image.png; path = T_Swamp_067.png; sourceTree = "<group>"; };
		DEAD9A811885EF7B00196017 /* T_Swamp_068.png */ = {isa = PBXFileReference; lastKnownFileType = image.png; path = T_Swamp_068.png; sourceTree = "<group>"; };
		DEAD9A821885EF7B00196017 /* T_Swamp_069.png */ = {isa = PBXFileReference; lastKnownFileType = image.png; path = T_Swamp_069.png; sourceTree = "<group>"; };
		DEAD9A881885F89500196017 /* SwampTileMenu.png */ = {isa = PBXFileReference; lastKnownFileType = image.png; path = SwampTileMenu.png; sourceTree = "<group>"; };
/* End PBXFileReference section */

/* Begin PBXFrameworksBuildPhase section */
		1D60588F0D05DD3D006BFB54 /* Frameworks */ = {
			isa = PBXFrameworksBuildPhase;
			buildActionMask = 2147483647;
			files = (
				DE4A3DB910FFB0FE00FDA492 /* libSparrow.a in Frameworks */,
				DE5C4E6E138ED109004892CA /* libz.dylib in Frameworks */,
				DEAAF3DF16BC114D004EB9D5 /* GLKit.framework in Frameworks */,
				1D60589F0D05DD5A006BFB54 /* Foundation.framework in Frameworks */,
				1DF5F4E00D08C38300B7A737 /* UIKit.framework in Frameworks */,
				288765FD0DF74451002DB57D /* CoreGraphics.framework in Frameworks */,
				DE4A3D7A10FFB08200FDA492 /* OpenGLES.framework in Frameworks */,
				DE4A3D7F10FFB08B00FDA492 /* QuartzCore.framework in Frameworks */,
				DE3F093811B7B9DC009D4DB0 /* AVFoundation.framework in Frameworks */,
				DE3F093A11B7B9DC009D4DB0 /* AudioToolbox.framework in Frameworks */,
				DE3F097811B7BABD009D4DB0 /* OpenAL.framework in Frameworks */,
			);
			runOnlyForDeploymentPostprocessing = 0;
		};
/* End PBXFrameworksBuildPhase section */

/* Begin PBXGroup section */
		080E96DDFE201D6D7F000001 /* Classes */ = {
			isa = PBXGroup;
			children = (
				4131C2A618876C21009775EA /* Models */,
				DE99201A1884BFBE006C759F /* Helpers */,
				DE991F8418846D09006C759F /* Scenes */,
				99F14FB318838A6A00872890 /* Networking */,
				DE4F80D714E153EA00655D44 /* Game */,
				1D3623240D0F684500981E51 /* AppDelegate.h */,
				1D3623250D0F684500981E51 /* AppDelegate.m */,
			);
			path = Classes;
			sourceTree = "<group>";
		};
		19C28FACFE9D520D11CA2CBB /* Products */ = {
			isa = PBXGroup;
			children = (
				1D6058910D05DD3D006BFB54 /* 3004iPhone.app */,
			);
			name = Products;
			sourceTree = "<group>";
		};
		29B97314FDCFA39411CA2CEA /* CustomTemplate */ = {
			isa = PBXGroup;
			children = (
				DE4A3DA210FFB0D400FDA492 /* Sparrow.xcodeproj */,
				080E96DDFE201D6D7F000001 /* Classes */,
				29B97315FDCFA39411CA2CEA /* Other Sources */,
				29B97317FDCFA39411CA2CEA /* Resources */,
				29B97323FDCFA39411CA2CEA /* Frameworks */,
				19C28FACFE9D520D11CA2CBB /* Products */,
			);
			name = CustomTemplate;
			sourceTree = "<group>";
		};
		29B97315FDCFA39411CA2CEA /* Other Sources */ = {
			isa = PBXGroup;
			children = (
				32CA4F630368D1EE00C91783 /* App-Prefix.pch */,
				8D1107310486CEB800E47090 /* App-Info.plist */,
				29B97316FDCFA39411CA2CEA /* main.m */,
			);
			name = "Other Sources";
			sourceTree = "<group>";
		};
		29B97317FDCFA39411CA2CEA /* Resources */ = {
			isa = PBXGroup;
			children = (
				DE0C71121624180300357F6E /* system */,
				DE4F80D914E1541400655D44 /* audio */,
				DE4F80DC14E1541400655D44 /* graphics */,
			);
			name = Resources;
			sourceTree = "<group>";
		};
		29B97323FDCFA39411CA2CEA /* Frameworks */ = {
			isa = PBXGroup;
			children = (
				DE5C4E6D138ED109004892CA /* libz.dylib */,
				DEAAF3DE16BC114D004EB9D5 /* GLKit.framework */,
				DE3F093711B7B9DC009D4DB0 /* AVFoundation.framework */,
				DE3F093911B7B9DC009D4DB0 /* AudioToolbox.framework */,
				DE3F097711B7BABD009D4DB0 /* OpenAL.framework */,
				DE4A3D7E10FFB08B00FDA492 /* QuartzCore.framework */,
				DE4A3D7910FFB08200FDA492 /* OpenGLES.framework */,
				1DF5F4DF0D08C38300B7A737 /* UIKit.framework */,
				1D30AB110D05D00D00671497 /* Foundation.framework */,
				288765FC0DF74451002DB57D /* CoreGraphics.framework */,
			);
			name = Frameworks;
			sourceTree = "<group>";
		};
		4131C2A618876C21009775EA /* Models */ = {
			isa = PBXGroup;
			children = (
				4131C2ED1887708F009775EA /* Attributes */,
				4131C2B718876D4A009775EA /* Containers */,
				4131C2B818876D69009775EA /* Pieces */,
				4131C2B418876CAE009775EA /* Player.h */,
				4131C2B518876CAE009775EA /* Player.m */,
			);
			name = Models;
			sourceTree = "<group>";
		};
		4131C2B718876D4A009775EA /* Containers */ = {
			isa = PBXGroup;
			children = (
				4131C2A818876C70009775EA /* BoardContainer.h */,
				4131C2A918876C70009775EA /* BoardContainer.m */,
				4131C2AB18876C81009775EA /* Rack.h */,
				4131C2AC18876C81009775EA /* Rack.m */,
				4131C2AE18876C8D009775EA /* PlayingCup.h */,
				4131C2AF18876C8D009775EA /* PlayingCup.m */,
				4131C2B118876C9B009775EA /* HexLocation.h */,
				4131C2B218876C9B009775EA /* HexLocation.m */,
			);
			name = Containers;
			sourceTree = "<group>";
		};
		4131C2B818876D69009775EA /* Pieces */ = {
			isa = PBXGroup;
			children = (
				4131C2CC18876E2D009775EA /* Counter */,
				4131C2B918876D77009775EA /* GamePiece.h */,
				4131C2BA18876D77009775EA /* GamePiece.m */,
				4131C2BC18876D93009775EA /* HexTile.h */,
				4131C2BD18876D93009775EA /* HexTile.m */,
			);
			name = Pieces;
			sourceTree = "<group>";
		};
		4131C2CB18876E11009775EA /* Thing */ = {
			isa = PBXGroup;
			children = (
				4131C2DA18876FCE009775EA /* SpecialIncomeCounters */,
				4131C2C518876DF3009775EA /* Thing.h */,
				4131C2C618876DF3009775EA /* Thing.m */,
				4131C2D418876FB8009775EA /* RandomEvent.h */,
				4131C2D518876FB8009775EA /* RandomEvent.m */,
				4131C2DB18876FF0009775EA /* Gold.h */,
				4131C2DC18876FF0009775EA /* Gold.m */,
				4131C2DE18876FF8009775EA /* MagicItems.h */,
				4131C2DF18876FF8009775EA /* MagicItems.m */,
				4131C2E118877003009775EA /* Treasure.h */,
				4131C2E218877003009775EA /* Treasure.m */,
				4131C2E418877011009775EA /* Creature.h */,
				4131C2E518877011009775EA /* Creature.m */,
			);
			name = Thing;
			sourceTree = "<group>";
		};
		4131C2CC18876E2D009775EA /* Counter */ = {
			isa = PBXGroup;
			children = (
				4131C2CB18876E11009775EA /* Thing */,
				4131C2BF18876DB7009775EA /* Counter.h */,
				4131C2C018876DB7009775EA /* Counter.m */,
				4131C2C218876DBF009775EA /* Fort.h */,
				4131C2C318876DBF009775EA /* Fort.m */,
				4131C2CD18876EA9009775EA /* ControlMarker.h */,
				4131C2CE18876EA9009775EA /* ControlMarker.m */,
				4131C2D018876F04009775EA /* SpecialCharacter.h */,
				4131C2D118876F04009775EA /* SpecialCharacter.m */,
			);
			name = Counter;
			sourceTree = "<group>";
		};
		4131C2DA18876FCE009775EA /* SpecialIncomeCounters */ = {
			isa = PBXGroup;
			children = (
				4131C2D718876FCA009775EA /* SpecialIncomeCounters.h */,
				4131C2D818876FCA009775EA /* SpecialIncomeCounters.m */,
				4131C2E718877047009775EA /* CityVill.h */,
				4131C2E818877047009775EA /* CityVill.m */,
				4131C2EA18877054009775EA /* NonCityVill.h */,
				4131C2EB18877054009775EA /* NonCityVill.m */,
			);
			name = SpecialIncomeCounters;
			sourceTree = "<group>";
		};
		4131C2ED1887708F009775EA /* Attributes */ = {
			isa = PBXGroup;
			children = (
				4131C2EE188770A6009775EA /* Terrain.h */,
				4131C2EF188770A6009775EA /* Terrain.m */,
				4131C2F1188770B6009775EA /* FortLevel.h */,
				4131C2F2188770B6009775EA /* FortLevel.m */,
				4131C2F4188770C1009775EA /* CombatType.h */,
				4131C2F5188770C1009775EA /* CombatType.m */,
				4131C2F7188770D1009775EA /* SpecialAbility.h */,
				4131C2F8188770D1009775EA /* SpecialAbility.m */,
			);
			name = Attributes;
			sourceTree = "<group>";
		};
		99F14FB318838A6A00872890 /* Networking */ = {
			isa = PBXGroup;
			children = (
				99F14FB518838A8B00872890 /* GCD */,
				99F14FB918838ADF00872890 /* UDPMessageReceiver.h */,
				99F14FBA18838ADF00872890 /* UDPMessageReceiver.m */,
			);
			name = Networking;
			sourceTree = "<group>";
		};
		99F14FB518838A8B00872890 /* GCD */ = {
			isa = PBXGroup;
			children = (
				99F14FB618838AA300872890 /* GCDAsyncUdpSocket.h */,
				99F14FB718838AA300872890 /* GCDAsyncUdpSocket.m */,
			);
			name = GCD;
			sourceTree = "<group>";
		};
		DE0C71121624180300357F6E /* system */ = {
			isa = PBXGroup;
			children = (
				DE0C71041624177800357F6E /* Default-568h@2x.png */,
				DE0C71081624179300357F6E /* Default-Landscape~ipad.png */,
				DE0C71061624178400357F6E /* Default-Portrait~ipad.png */,
				DE0C71001624177000357F6E /* Default.png */,
				DE0C71021624177500357F6E /* Default@2x.png */,
				DE0C710A162417A600357F6E /* Icon.png */,
				DE0C710E162417B400357F6E /* Icon@2x.png */,
				DE0C7110162417B800357F6E /* Icon@2x~ipad.png */,
				DE0C710C162417AC00357F6E /* Icon~ipad.png */,
			);
			name = system;
			sourceTree = "<group>";
		};
		DE4A3DAB10FFB0DB00FDA492 /* Products */ = {
			isa = PBXGroup;
			children = (
				DE4A3DB010FFB0DB00FDA492 /* libSparrow.a */,
				DE4A3DB210FFB0DB00FDA492 /* UnitTest.octest */,
			);
			name = Products;
			sourceTree = "<group>";
		};
		DE4F80D714E153EA00655D44 /* Game */ = {
			isa = PBXGroup;
			children = (
				DE4F80D414E153E600655D44 /* Media.h */,
				DE4F80D514E153E600655D44 /* Media.m */,
			);
			name = Game;
			sourceTree = "<group>";
		};
		DE4F80D914E1541400655D44 /* audio */ = {
			isa = PBXGroup;
			children = (
				DE4F80DB14E1541400655D44 /* sound.caf */,
			);
			name = audio;
			path = ../media/audio;
			sourceTree = "<group>";
		};
		DE4F80DC14E1541400655D44 /* graphics */ = {
			isa = PBXGroup;
			children = (
				DE4F80DD14E1541400655D44 /* 1x */,
				DE4F80E214E1541400655D44 /* 2x */,
			);
			name = graphics;
			path = ../media/graphics;
			sourceTree = "<group>";
		};
		DE4F80DD14E1541400655D44 /* 1x */ = {
			isa = PBXGroup;
			children = (
				DEAD9A7D1885EF7B00196017 /* Swamp */,
				DE9453B51885CD3000C4A71F /* Other */,
				DE9453B41885CD1B00C4A71F /* Menus */,
				DE94538C188501AC00C4A71F /* Dice */,
				DE991FEB1884825B006C759F /* landtiles */,
			);
			path = 1x;
			sourceTree = "<group>";
		};
		DE4F80E214E1541400655D44 /* 2x */ = {
			isa = PBXGroup;
			children = (
				DE4F80E314E1541400655D44 /* atlas@2x.png */,
				DE4F80E414E1541400655D44 /* atlas@2x.xml */,
				DE115962162320F800A25086 /* background@2x.jpg */,
			);
			path = 2x;
			sourceTree = "<group>";
		};
		DE94538C188501AC00C4A71F /* Dice */ = {
			isa = PBXGroup;
			children = (
				DE94538D188501AC00C4A71F /* dice1.png */,
				DE94538E188501AC00C4A71F /* dice2.png */,
				DE94538F188501AC00C4A71F /* dice3.png */,
				DE945390188501AC00C4A71F /* dice4.png */,
				DE945391188501AC00C4A71F /* dice5.png */,
				DE945392188501AC00C4A71F /* dice6.png */,
			);
			path = Dice;
			sourceTree = "<group>";
		};
		DE9453B41885CD1B00C4A71F /* Menus */ = {
			isa = PBXGroup;
			children = (
				DEAD9A881885F89500196017 /* SwampTileMenu.png */,
				DE94539D1885122900C4A71F /* Button-Normal@2x.png */,
				DE991FF51884825B006C759F /* masterGameBoard.png */,
				DE991FF61884825B006C759F /* TwoThreeBoard.png */,
				DE99200B188487FD006C759F /* mainMenuBackground.png */,
			);
			name = Menus;
			sourceTree = "<group>";
		};
		DE9453B51885CD3000C4A71F /* Other */ = {
			isa = PBXGroup;
			children = (
				DE991FE81884825B006C759F /* Bowl.png */,
				DE991FE91884825B006C759F /* creature5.png */,
				DE99200E18848836006C759F /* Rack.png */,
			);
			name = Other;
			sourceTree = "<group>";
		};
		DE991F8418846D09006C759F /* Scenes */ = {
			isa = PBXGroup;
			children = (
				DE4A3DE310FFB2AF00FDA492 /* GameMenu.h */,
				DE4A3DE410FFB2AF00FDA492 /* GameMenu.m */,
				DE991F7C18846CFD006C759F /* Scene.h */,
				DE991F7D18846CFD006C759F /* Scene.m */,
				DE991F7E18846CFD006C759F /* TwoThreePlayerGame.h */,
				DE991F7F18846CFD006C759F /* TwoThreePlayerGame.m */,
				DE9453B61885CE5B00C4A71F /* TileMenu.h */,
				DE9453B71885CE5B00C4A71F /* TileMenu.m */,
				4131C2FA188876AC009775EA /* LoginMenu.h */,
				4131C2FB188876AC009775EA /* LoginMenu.m */,
			);
			name = Scenes;
			sourceTree = "<group>";
		};
		DE991FEB1884825B006C759F /* landtiles */ = {
			isa = PBXGroup;
			children = (
				DE94539B1885074A00C4A71F /* back-tile.png */,
				DE991FED1884825B006C759F /* desert-tile.png */,
				DE991FEE1884825B006C759F /* forest-tile.png */,
				DE991FEF1884825B006C759F /* frozen-tile.png */,
				DE991FF01884825B006C759F /* jungle-tile.png */,
				DE991FF11884825B006C759F /* moutain-tile.png */,
				DE991FF21884825B006C759F /* plaines-tile.png */,
				DE991FF31884825B006C759F /* sea-tile.png */,
				DE991FF41884825B006C759F /* swamp-tile.png */,
			);
			path = landtiles;
			sourceTree = "<group>";
		};
		DE99201A1884BFBE006C759F /* Helpers */ = {
			isa = PBXGroup;
			children = (
				4131C2941885EA99009775EA /* TouchSheet.h */,
				4131C2951885EA99009775EA /* TouchSheet.m */,
				DE1807871888699100B03892 /* ScaledGamePiece.h */,
				DE1807881888699200B03892 /* ScaledGamePiece.m */,
			);
			name = Helpers;
			sourceTree = "<group>";
		};
		DEAD9A7D1885EF7B00196017 /* Swamp */ = {
			isa = PBXGroup;
			children = (
				DEAD9A7E1885EF7B00196017 /* T_Swamp_065.png */,
				DEAD9A7F1885EF7B00196017 /* T_Swamp_066.png */,
				DEAD9A801885EF7B00196017 /* T_Swamp_067.png */,
				DEAD9A811885EF7B00196017 /* T_Swamp_068.png */,
				DEAD9A821885EF7B00196017 /* T_Swamp_069.png */,
			);
			path = Swamp;
			sourceTree = "<group>";
		};
/* End PBXGroup section */

/* Begin PBXNativeTarget section */
		1D6058900D05DD3D006BFB54 /* 3004iPhone */ = {
			isa = PBXNativeTarget;
			buildConfigurationList = 1D6058960D05DD3E006BFB54 /* Build configuration list for PBXNativeTarget "3004iPhone" */;
			buildPhases = (
				1D60588D0D05DD3D006BFB54 /* Resources */,
				1D60588E0D05DD3D006BFB54 /* Sources */,
				1D60588F0D05DD3D006BFB54 /* Frameworks */,
			);
			buildRules = (
			);
			dependencies = (
				DE4A3DB810FFB0F500FDA492 /* PBXTargetDependency */,
			);
			name = 3004iPhone;
			productName = AppScaffold;
			productReference = 1D6058910D05DD3D006BFB54 /* 3004iPhone.app */;
			productType = "com.apple.product-type.application";
		};
/* End PBXNativeTarget section */

/* Begin PBXProject section */
		29B97313FDCFA39411CA2CEA /* Project object */ = {
			isa = PBXProject;
			attributes = {
				LastUpgradeCheck = 0450;
			};
			buildConfigurationList = C01FCF4E08A954540054247B /* Build configuration list for PBXProject "3004iPhone" */;
			compatibilityVersion = "Xcode 3.2";
			developmentRegion = English;
			hasScannedForEncodings = 1;
			knownRegions = (
				English,
				Japanese,
				French,
				German,
			);
			mainGroup = 29B97314FDCFA39411CA2CEA /* CustomTemplate */;
			projectDirPath = "";
			projectReferences = (
				{
					ProductGroup = DE4A3DAB10FFB0DB00FDA492 /* Products */;
					ProjectRef = DE4A3DA210FFB0D400FDA492 /* Sparrow.xcodeproj */;
				},
			);
			projectRoot = "";
			targets = (
				1D6058900D05DD3D006BFB54 /* 3004iPhone */,
			);
		};
/* End PBXProject section */

/* Begin PBXReferenceProxy section */
		DE4A3DB010FFB0DB00FDA492 /* libSparrow.a */ = {
			isa = PBXReferenceProxy;
			fileType = archive.ar;
			path = libSparrow.a;
			remoteRef = DE4A3DAF10FFB0DB00FDA492 /* PBXContainerItemProxy */;
			sourceTree = BUILT_PRODUCTS_DIR;
		};
		DE4A3DB210FFB0DB00FDA492 /* UnitTest.octest */ = {
			isa = PBXReferenceProxy;
			fileType = wrapper.cfbundle;
			path = UnitTest.octest;
			remoteRef = DE4A3DB110FFB0DB00FDA492 /* PBXContainerItemProxy */;
			sourceTree = BUILT_PRODUCTS_DIR;
		};
/* End PBXReferenceProxy section */

/* Begin PBXResourcesBuildPhase section */
		1D60588D0D05DD3D006BFB54 /* Resources */ = {
			isa = PBXResourcesBuildPhase;
			buildActionMask = 2147483647;
			files = (
				DE4F80E814E1541400655D44 /* sound.caf in Resources */,
				DE4F80ED14E1541400655D44 /* atlas@2x.png in Resources */,
				DE4F80EE14E1541400655D44 /* atlas@2x.xml in Resources */,
				DE9920011884825B006C759F /* sea-tile.png in Resources */,
				DE115963162320F800A25086 /* background@2x.jpg in Resources */,
				DE94539E1885122900C4A71F /* Button-Normal@2x.png in Resources */,
				DE94539C1885074A00C4A71F /* back-tile.png in Resources */,
				DE99200F18848836006C759F /* Rack.png in Resources */,
				DE945397188501AC00C4A71F /* dice5.png in Resources */,
				DE945396188501AC00C4A71F /* dice4.png in Resources */,
				DEAD9A831885EF7B00196017 /* T_Swamp_065.png in Resources */,
				DE991FFF1884825B006C759F /* moutain-tile.png in Resources */,
				DE0C71011624177000357F6E /* Default.png in Resources */,
				DE9920041884825B006C759F /* TwoThreeBoard.png in Resources */,
				DEAD9A861885EF7B00196017 /* T_Swamp_068.png in Resources */,
				DEAD9A871885EF7B00196017 /* T_Swamp_069.png in Resources */,
				DE991FFB1884825B006C759F /* desert-tile.png in Resources */,
				DE945395188501AC00C4A71F /* dice3.png in Resources */,
				DE945398188501AC00C4A71F /* dice6.png in Resources */,
				DE0C71031624177500357F6E /* Default@2x.png in Resources */,
				DE9920031884825B006C759F /* masterGameBoard.png in Resources */,
				DE0C71051624177800357F6E /* Default-568h@2x.png in Resources */,
				DE0C71071624178400357F6E /* Default-Portrait~ipad.png in Resources */,
				DE0C71091624179300357F6E /* Default-Landscape~ipad.png in Resources */,
				DE991FFC1884825B006C759F /* forest-tile.png in Resources */,
				DE991FF71884825B006C759F /* Bowl.png in Resources */,
				DEAD9A841885EF7B00196017 /* T_Swamp_066.png in Resources */,
				DE0C710B162417A600357F6E /* Icon.png in Resources */,
				DE9920001884825B006C759F /* plaines-tile.png in Resources */,
				DE9920021884825B006C759F /* swamp-tile.png in Resources */,
				DE99200C188487FD006C759F /* mainMenuBackground.png in Resources */,
				DEAD9A891885F89500196017 /* SwampTileMenu.png in Resources */,
				DE0C710D162417AC00357F6E /* Icon~ipad.png in Resources */,
				DE945393188501AC00C4A71F /* dice1.png in Resources */,
				DE991FF81884825B006C759F /* creature5.png in Resources */,
				DEAD9A851885EF7B00196017 /* T_Swamp_067.png in Resources */,
				DE945394188501AC00C4A71F /* dice2.png in Resources */,
				DE0C710F162417B400357F6E /* Icon@2x.png in Resources */,
				DE991FFE1884825B006C759F /* jungle-tile.png in Resources */,
				DE991FFD1884825B006C759F /* frozen-tile.png in Resources */,
			);
			runOnlyForDeploymentPostprocessing = 0;
		};
/* End PBXResourcesBuildPhase section */

/* Begin PBXSourcesBuildPhase section */
		1D60588E0D05DD3D006BFB54 /* Sources */ = {
			isa = PBXSourcesBuildPhase;
			buildActionMask = 2147483647;
			files = (
				4131C2E018876FF8009775EA /* MagicItems.m in Sources */,
				4131C2FC188876AC009775EA /* LoginMenu.m in Sources */,
				4131C2CF18876EA9009775EA /* ControlMarker.m in Sources */,
				4131C2B318876C9B009775EA /* HexLocation.m in Sources */,
				4131C2F6188770C1009775EA /* CombatType.m in Sources */,
				4131C2F9188770D1009775EA /* SpecialAbility.m in Sources */,
				4131C2B018876C8D009775EA /* PlayingCup.m in Sources */,
				4131C2D218876F04009775EA /* SpecialCharacter.m in Sources */,
				4131C2E318877003009775EA /* Treasure.m in Sources */,
				4131C2E918877047009775EA /* CityVill.m in Sources */,
				4131C2981885EB1F009775EA /* GCDAsyncUdpSocket.m in Sources */,
				DE991F8218846CFD006C759F /* TwoThreePlayerGame.m in Sources */,
				4131C2EC18877054009775EA /* NonCityVill.m in Sources */,
				4131C2B618876CAE009775EA /* Player.m in Sources */,
				DE1807891888699200B03892 /* ScaledGamePiece.m in Sources */,
				DE991F8118846CFD006C759F /* Scene.m in Sources */,
				4131C2BB18876D77009775EA /* GamePiece.m in Sources */,
				4131C2D918876FCA009775EA /* SpecialIncomeCounters.m in Sources */,
				4131C2AA18876C70009775EA /* BoardContainer.m in Sources */,
				4131C2D618876FB8009775EA /* RandomEvent.m in Sources */,
				4131C2C718876DF3009775EA /* Thing.m in Sources */,
				4131C2F0188770A6009775EA /* Terrain.m in Sources */,
				DE9453B81885CE5B00C4A71F /* TileMenu.m in Sources */,
				4131C2961885EA99009775EA /* TouchSheet.m in Sources */,
				1D60589B0D05DD56006BFB54 /* main.m in Sources */,
				99F14FBB18838ADF00872890 /* UDPMessageReceiver.m in Sources */,
				4131C2C418876DBF009775EA /* Fort.m in Sources */,
				4131C2E618877011009775EA /* Creature.m in Sources */,
				1D3623260D0F684500981E51 /* AppDelegate.m in Sources */,
				4131C2F3188770B6009775EA /* FortLevel.m in Sources */,
				DE4A3DE510FFB2AF00FDA492 /* GameMenu.m in Sources */,
				4131C2DD18876FF0009775EA /* Gold.m in Sources */,
				4131C2AD18876C81009775EA /* Rack.m in Sources */,
				4131C2BE18876D93009775EA /* HexTile.m in Sources */,
				4131C2C118876DB7009775EA /* Counter.m in Sources */,
				DE4F80D614E153E600655D44 /* Media.m in Sources */,
			);
			runOnlyForDeploymentPostprocessing = 0;
		};
/* End PBXSourcesBuildPhase section */

/* Begin PBXTargetDependency section */
		DE4A3DB810FFB0F500FDA492 /* PBXTargetDependency */ = {
			isa = PBXTargetDependency;
			name = Sparrow;
			targetProxy = DE4A3DB710FFB0F500FDA492 /* PBXContainerItemProxy */;
		};
/* End PBXTargetDependency section */

/* Begin XCBuildConfiguration section */
		1D6058940D05DD3E006BFB54 /* Debug */ = {
			isa = XCBuildConfiguration;
			buildSettings = {
				INFOPLIST_FILE = "App-Info.plist";
				IPHONEOS_DEPLOYMENT_TARGET = 7.0;
				PRODUCT_NAME = 3004iPhone;
				TARGETED_DEVICE_FAMILY = "1,2";
			};
			name = Debug;
		};
		1D6058950D05DD3E006BFB54 /* Release */ = {
			isa = XCBuildConfiguration;
			buildSettings = {
				INFOPLIST_FILE = "App-Info.plist";
				IPHONEOS_DEPLOYMENT_TARGET = 7.0;
				PRODUCT_NAME = 3004iPhone;
				TARGETED_DEVICE_FAMILY = "1,2";
			};
			name = Release;
		};
		C01FCF4F08A954540054247B /* Debug */ = {
			isa = XCBuildConfiguration;
			buildSettings = {
				CLANG_ENABLE_OBJC_ARC = YES;
				CLANG_WARN_CONSTANT_CONVERSION = YES;
				CLANG_WARN_EMPTY_BODY = YES;
				CLANG_WARN_ENUM_CONVERSION = YES;
				CLANG_WARN_INT_CONVERSION = YES;
				CLANG_WARN__DUPLICATE_METHOD_MATCH = YES;
				CODE_SIGN_IDENTITY = "iPhone Developer";
				"CODE_SIGN_IDENTITY[sdk=iphoneos*]" = "iPhone Developer";
				COPY_PHASE_STRIP = NO;
				GCC_C_LANGUAGE_STANDARD = gnu99;
				GCC_OPTIMIZATION_LEVEL = 0;
				GCC_PRECOMPILE_PREFIX_HEADER = YES;
				GCC_PREFIX_HEADER = "App-Prefix.pch";
				GCC_THUMB_SUPPORT = NO;
				GCC_WARN_ABOUT_RETURN_TYPE = YES;
				GCC_WARN_UNINITIALIZED_AUTOS = YES;
				GCC_WARN_UNUSED_VARIABLE = YES;
				INFOPLIST_FILE = "";
				IPHONEOS_DEPLOYMENT_TARGET = 5.0;
				ONLY_ACTIVE_ARCH = YES;
				OTHER_LDFLAGS = (
					"-ObjC",
					"-all_load",
				);
				PRODUCT_NAME = "";
				PROVISIONING_PROFILE = "";
				SDKROOT = iphoneos;
				TARGETED_DEVICE_FAMILY = "1,2";
				USER_HEADER_SEARCH_PATHS = "${SPARROW_SRC}/**";
			};
			name = Debug;
		};
		C01FCF5008A954540054247B /* Release */ = {
			isa = XCBuildConfiguration;
			buildSettings = {
				CLANG_ENABLE_OBJC_ARC = YES;
				CLANG_WARN_CONSTANT_CONVERSION = YES;
				CLANG_WARN_EMPTY_BODY = YES;
				CLANG_WARN_ENUM_CONVERSION = YES;
				CLANG_WARN_INT_CONVERSION = YES;
				CLANG_WARN__DUPLICATE_METHOD_MATCH = YES;
				CODE_SIGN_IDENTITY = "iPhone Developer";
				"CODE_SIGN_IDENTITY[sdk=iphoneos*]" = "iPhone Developer";
				GCC_C_LANGUAGE_STANDARD = gnu99;
				GCC_PRECOMPILE_PREFIX_HEADER = YES;
				GCC_PREFIX_HEADER = "App-Prefix.pch";
				GCC_THUMB_SUPPORT = NO;
				GCC_WARN_ABOUT_RETURN_TYPE = YES;
				GCC_WARN_UNINITIALIZED_AUTOS = YES;
				GCC_WARN_UNUSED_VARIABLE = YES;
				INFOPLIST_FILE = "";
				IPHONEOS_DEPLOYMENT_TARGET = 5.0;
				OTHER_LDFLAGS = (
					"-ObjC",
					"-all_load",
				);
				PRODUCT_NAME = "";
				PROVISIONING_PROFILE = "";
				SDKROOT = iphoneos;
				TARGETED_DEVICE_FAMILY = "1,2";
				USER_HEADER_SEARCH_PATHS = "${SPARROW_SRC}/**";
				VALIDATE_PRODUCT = YES;
			};
			name = Release;
		};
/* End XCBuildConfiguration section */

/* Begin XCConfigurationList section */
		1D6058960D05DD3E006BFB54 /* Build configuration list for PBXNativeTarget "3004iPhone" */ = {
			isa = XCConfigurationList;
			buildConfigurations = (
				1D6058940D05DD3E006BFB54 /* Debug */,
				1D6058950D05DD3E006BFB54 /* Release */,
			);
			defaultConfigurationIsVisible = 0;
			defaultConfigurationName = Release;
		};
		C01FCF4E08A954540054247B /* Build configuration list for PBXProject "3004iPhone" */ = {
			isa = XCConfigurationList;
			buildConfigurations = (
				C01FCF4F08A954540054247B /* Debug */,
				C01FCF5008A954540054247B /* Release */,
			);
			defaultConfigurationIsVisible = 0;
			defaultConfigurationName = Release;
		};
/* End XCConfigurationList section */
	};
	rootObject = 29B97313FDCFA39411CA2CEA /* Project object */;
}
